# THIS IS AN AUTOGENERATED FILE. DO NOT EDIT THIS FILE DIRECTLY.
# yarn lockfile v1


commander@^5.1.0:
  version "5.1.0"
  resolved "https://registry.yarnpkg.com/commander/-/commander-5.1.0.tgz#46abbd1652f8e059bddaef99bbdcb2ad9cf179ae"
  integrity sha512-P0CysNDQ7rtVw4QIQtm+MRxV66vKFSvlsQvGYXZWR3qFU0jlMKHZZZgw8e+8DSah4UDKMqnknRDQz+xuQXQ/Zg==

create-next-app@^9.4.4:
  version "9.4.4"
  resolved "https://registry.yarnpkg.com/create-next-app/-/create-next-app-9.4.4.tgz#5fc374de632d9b88eb1ce80555ecd21d1fb81709"
  integrity sha512-67/3rIR3kT10OOvTJ/6xylmTF3u1Mf2nOhRm5toxBrJSQsApP+7ebjfHMeiRjwFB6M1M6UgBtAgmMkeX3JnQaw==
